// !$*UTF8*$!
{
	archiveVersion = 1;
	classes = {
	};
	objectVersion = 77;
	objects = {

/* Begin PBXBuildFile section */
		5A7C00012FA5A10000B77777 /* budget-warden.icon in Resources */ = {isa = PBXBuildFile; fileRef = 5A7C00002FA5A10000B77777 /* budget-warden.icon */; };
		5ABF61442FA460000057F866 /* budget.c in Sources */ = {isa = PBXBuildFile; fileRef = 5ABF613D2FA460000057F866 /* budget.c */; };
		5ABF614F2FA45C180057F866 /* bwstring.c in Sources */ = {isa = PBXBuildFile; fileRef = 5ABF614E2FA45C180057F866 /* bwstring.c */; };
		5ABF61502FA45C180057F866 /* bwdate.c in Sources */ = {isa = PBXBuildFile; fileRef = 5ABF614C2FA45C180057F866 /* bwdate.c */; };
		5AFE11A02FA4AB32002CB713 /* cjson.c in Sources */ = {isa = PBXBuildFile; fileRef = 5AFE119B2FA4AB32002CB713 /* cjson.c */; };
		5AFE11A12FA4AB32002CB713 /* category.c in Sources */ = {isa = PBXBuildFile; fileRef = 5AFE11992FA4AB32002CB713 /* category.c */; };
		5AFE11A22FA4AB32002CB713 /* transaction.c in Sources */ = {isa = PBXBuildFile; fileRef = 5AFE119E2FA4AB32002CB713 /* transaction.c */; };
/* End PBXBuildFile section */

/* Begin PBXFileReference section */
		5A7C00002FA5A10000B77777 /* budget-warden.icon */ = {isa = PBXFileReference; lastKnownFileType = folder.iconcomposer.icon; path = "budget-warden.icon"; sourceTree = "<group>"; };
		5ABF612E2FA456980057F866 /* BudgetWarden.app */ = {isa = PBXFileReference; explicitFileType = wrapper.application; includeInIndex = 0; path = BudgetWarden.app; sourceTree = BUILT_PRODUCTS_DIR; };
		5ABF613D2FA460000057F866 /* budget.c */ = {isa = PBXFileReference; lastKnownFileType = sourcecode.c.c; path = budget.c; sourceTree = "<group>"; };
		5ABF61402FA460000057F866 /* budget.h */ = {isa = PBXFileReference; lastKnownFileType = sourcecode.c.h; path = budget.h; sourceTree = "<group>"; };
		5ABF61432FA460000057F866 /* result.h */ = {isa = PBXFileReference; lastKnownFileType = sourcecode.c.h; path = result.h; sourceTree = "<group>"; };
		5ABF614B2FA45C180057F866 /* bwdate.h */ = {isa = PBXFileReference; lastKnownFileType = sourcecode.c.h; path = bwdate.h; sourceTree = "<group>"; };
		5ABF614C2FA45C180057F866 /* bwdate.c */ = {isa = PBXFileReference; lastKnownFileType = sourcecode.c.c; path = bwdate.c; sourceTree = "<group>"; };
		5ABF614D2FA45C180057F866 /* bwstring.h */ = {isa = PBXFileReference; lastKnownFileType = sourcecode.c.h; path = bwstring.h; sourceTree = "<group>"; };
		5ABF614E2FA45C180057F866 /* bwstring.c */ = {isa = PBXFileReference; lastKnownFileType = sourcecode.c.c; path = bwstring.c; sourceTree = "<group>"; };
		5AFE11972FA4AB32002CB713 /* budget_warden_core.h */ = {isa = PBXFileReference; lastKnownFileType = sourcecode.c.h; path = budget_warden_core.h; sourceTree = "<group>"; };
		5AFE11982FA4AB32002CB713 /* category.h */ = {isa = PBXFileReference; lastKnownFileType = sourcecode.c.h; path = category.h; sourceTree = "<group>"; };
		5AFE11992FA4AB32002CB713 /* category.c */ = {isa = PBXFileReference; lastKnownFileType = sourcecode.c.c; path = category.c; sourceTree = "<group>"; };
		5AFE119A2FA4AB32002CB713 /* cjson.h */ = {isa = PBXFileReference; lastKnownFileType = sourcecode.c.h; path = cjson.h; sourceTree = "<group>"; };
		5AFE119B2FA4AB32002CB713 /* cjson.c */ = {isa = PBXFileReference; lastKnownFileType = sourcecode.c.c; path = cjson.c; sourceTree = "<group>"; };
		5AFE119D2FA4AB32002CB713 /* transaction.h */ = {isa = PBXFileReference; lastKnownFileType = sourcecode.c.h; path = transaction.h; sourceTree = "<group>"; };
		5AFE119E2FA4AB32002CB713 /* transaction.c */ = {isa = PBXFileReference; lastKnownFileType = sourcecode.c.c; path = transaction.c; sourceTree = "<group>"; };
		5AFE119F2FA4AB32002CB713 /* user_preferences.h */ = {isa = PBXFileReference; lastKnownFileType = sourcecode.c.h; path = user_preferences.h; sourceTree = "<group>"; };
/* End PBXFileReference section */

/* Begin PBXFileSystemSynchronizedRootGroup section */
		5ABF61302FA456980057F866 /* BudgetWarden */ = {
			isa = PBXFileSystemSynchronizedRootGroup;
			path = BudgetWarden;
			sourceTree = "<group>";
		};
/* End PBXFileSystemSynchronizedRootGroup section */

/* Begin PBXFrameworksBuildPhase section */
		5ABF612B2FA456980057F866 /* Frameworks */ = {
			isa = PBXFrameworksBuildPhase;
			buildActionMask = 2147483647;
			files = (
			);
			runOnlyForDeploymentPostprocessing = 0;
		};
/* End PBXFrameworksBuildPhase section */

/* Begin PBXGroup section */
		5ABF61252FA456980057F866 = {
			isa = PBXGroup;
			children = (
				5ABF61302FA456980057F866 /* BudgetWarden */,
				5A7C00002FA5A10000B77777 /* budget-warden.icon */,
				5ABF613C2FA460000057F866 /* Core */,
				5ABF612F2FA456980057F866 /* Products */,
			);
			sourceTree = "<group>";
		};
		5ABF612F2FA456980057F866 /* Products */ = {
			isa = PBXGroup;
			children = (
				5ABF612E2FA456980057F866 /* BudgetWarden.app */,
			);
			name = Products;
			sourceTree = "<group>";
		};
		5ABF613C2FA460000057F866 /* Core */ = {
			isa = PBXGroup;
			children = (
				5AFE11972FA4AB32002CB713 /* budget_warden_core.h */,
				5AFE11982FA4AB32002CB713 /* category.h */,
				5AFE11992FA4AB32002CB713 /* category.c */,
				5AFE119A2FA4AB32002CB713 /* cjson.h */,
				5AFE119B2FA4AB32002CB713 /* cjson.c */,
				5AFE119D2FA4AB32002CB713 /* transaction.h */,
				5AFE119E2FA4AB32002CB713 /* transaction.c */,
				5AFE119F2FA4AB32002CB713 /* user_preferences.h */,
				5ABF614B2FA45C180057F866 /* bwdate.h */,
				5ABF614C2FA45C180057F866 /* bwdate.c */,
				5ABF614D2FA45C180057F866 /* bwstring.h */,
				5ABF614E2FA45C180057F866 /* bwstring.c */,
				5ABF613D2FA460000057F866 /* budget.c */,
				5ABF61402FA460000057F866 /* budget.h */,
				5ABF61432FA460000057F866 /* result.h */,
			);
			name = Core;
			path = ../core/src;
			sourceTree = SOURCE_ROOT;
		};
/* End PBXGroup section */

/* Begin PBXNativeTarget section */
		5ABF612D2FA456980057F866 /* BudgetWarden */ = {
			isa = PBXNativeTarget;
			buildConfigurationList = 5ABF61392FA456990057F866 /* Build configuration list for PBXNativeTarget "BudgetWarden" */;
			buildPhases = (
				5ABF612A2FA456980057F866 /* Sources */,
				5ABF612B2FA456980057F866 /* Frameworks */,
				5ABF612C2FA456980057F866 /* Resources */,
			);
			buildRules = (
			);
			dependencies = (
			);
			fileSystemSynchronizedGroups = (
				5ABF61302FA456980057F866 /* BudgetWarden */,
			);
			name = BudgetWarden;
			packageProductDependencies = (
			);
			productName = BudgetWarden;
			productReference = 5ABF612E2FA456980057F866 /* BudgetWarden.app */;
			productType = "com.apple.product-type.application";
		};
/* End PBXNativeTarget section */

/* Begin PBXProject section */
		5ABF61262FA456980057F866 /* Project object */ = {
			isa = PBXProject;
			attributes = {
				BuildIndependentTargetsInParallel = 1;
				LastSwiftUpdateCheck = 2640;
				LastUpgradeCheck = 2640;
				TargetAttributes = {
					5ABF612D2FA456980057F866 = {
						CreatedOnToolsVersion = 26.4;
					};
				};
			};
			buildConfigurationList = 5ABF61292FA456980057F866 /* Build configuration list for PBXProject "BudgetWarden" */;
			developmentRegion = en;
			hasScannedForEncodings = 0;
			knownRegions = (
				en,
				Base,
			);
			mainGroup = 5ABF61252FA456980057F866;
			minimizedProjectReferenceProxies = 1;
			preferredProjectObjectVersion = 77;
			productRefGroup = 5ABF612F2FA456980057F866 /* Products */;
			projectDirPath = "";
			projectRoot = "";
			targets = (
				5ABF612D2FA456980057F866 /* BudgetWarden */,
			);
		};
/* End PBXProject section */

/* Begin PBXResourcesBuildPhase section */
		5ABF612C2FA456980057F866 /* Resources */ = {
			isa = PBXResourcesBuildPhase;
			buildActionMask = 2147483647;
			files = (
				5A7C00012FA5A10000B77777 /* budget-warden.icon in Resources */,
			);
			runOnlyForDeploymentPostprocessing = 0;
		};
/* End PBXResourcesBuildPhase section */

/* Begin PBXSourcesBuildPhase section */
		5ABF612A2FA456980057F866 /* Sources */ = {
			isa = PBXSourcesBuildPhase;
			buildActionMask = 2147483647;
			files = (
				5ABF61442FA460000057F866 /* budget.c in Sources */,
				5ABF614F2FA45C180057F866 /* bwstring.c in Sources */,
				5ABF61502FA45C180057F866 /* bwdate.c in Sources */,
				5AFE11A02FA4AB32002CB713 /* cjson.c in Sources */,
				5AFE11A12FA4AB32002CB713 /* category.c in Sources */,
				5AFE11A22FA4AB32002CB713 /* transaction.c in Sources */,
			);
			runOnlyForDeploymentPostprocessing = 0;
		};
/* End PBXSourcesBuildPhase section */

/* Begin XCBuildConfiguration section */
		5ABF61372FA456990057F866 /* Debug */ = {
			isa = XCBuildConfiguration;
			buildSettings = {
				ALWAYS_SEARCH_USER_PATHS = NO;
				ASSETCATALOG_COMPILER_GENERATE_SWIFT_ASSET_SYMBOL_EXTENSIONS = YES;
				CLANG_ANALYZER_NONNULL = YES;
				CLANG_ANALYZER_NUMBER_OBJECT_CONVERSION = YES_AGGRESSIVE;
				CLANG_CXX_LANGUAGE_STANDARD = "gnu++20";
				CLANG_ENABLE_MODULES = YES;
				CLANG_ENABLE_OBJC_ARC = YES;
				CLANG_ENABLE_OBJC_WEAK = YES;
				CLANG_WARN_BLOCK_CAPTURE_AUTORELEASING = YES;
				CLANG_WARN_BOOL_CONVERSION = YES;
				CLANG_WARN_COMMA = YES;
				CLANG_WARN_CONSTANT_CONVERSION = YES;
				CLANG_WARN_DEPRECATED_OBJC_IMPLEMENTATIONS = YES;
				CLANG_WARN_DIRECT_OBJC_ISA_USAGE = YES_ERROR;
				CLANG_WARN_DOCUMENTATION_COMMENTS = YES;
				CLANG_WARN_EMPTY_BODY = YES;
				CLANG_WARN_ENUM_CONVERSION = YES;
				CLANG_WARN_INFINITE_RECURSION = YES;
				CLANG_WARN_INT_CONVERSION = YES;
				CLANG_WARN_NON_LITERAL_NULL_CONVERSION = YES;
				CLANG_WARN_OBJC_IMPLICIT_RETAIN_SELF = YES;
				CLANG_WARN_OBJC_LITERAL_CONVERSION = YES;
				CLANG_WARN_OBJC_ROOT_CLASS = YES_ERROR;
				CLANG_WARN_QUOTED_INCLUDE_IN_FRAMEWORK_HEADER = YES;
				CLANG_WARN_RANGE_LOOP_ANALYSIS = YES;
				CLANG_WARN_STRICT_PROTOTYPES = YES;
				CLANG_WARN_SUSPICIOUS_MOVE = YES;
				CLANG_WARN_UNGUARDED_AVAILABILITY = YES_AGGRESSIVE;
				CLANG_WARN_UNREACHABLE_CODE = YES;
				CLANG_WARN__DUPLICATE_METHOD_MATCH = YES;
				COPY_PHASE_STRIP = NO;
				DEBUG_INFORMATION_FORMAT = dwarf;
				ENABLE_STRICT_OBJC_MSGSEND = YES;
				ENABLE_TESTABILITY = YES;
				ENABLE_USER_SCRIPT_SANDBOXING = YES;
				GCC_C_LANGUAGE_STANDARD = gnu17;
				GCC_DYNAMIC_NO_PIC = NO;
				GCC_NO_COMMON_BLOCKS = YES;
				GCC_OPTIMIZATION_LEVEL = 0;
				GCC_PREPROCESSOR_DEFINITIONS = (
					"DEBUG=1",
					"$(inherited)",
				);
				GCC_WARN_64_TO_32_BIT_CONVERSION = YES;
				GCC_WARN_ABOUT_RETURN_TYPE = YES_ERROR;
				GCC_WARN_UNDECLARED_SELECTOR = YES;
				GCC_WARN_UNINITIALIZED_AUTOS = YES_AGGRESSIVE;
				GCC_WARN_UNUSED_FUNCTION = YES;
				GCC_WARN_UNUSED_VARIABLE = YES;
				LOCALIZATION_PREFERS_STRING_CATALOGS = YES;
				MACOSX_DEPLOYMENT_TARGET = 26.4;
				MTL_ENABLE_DEBUG_INFO = INCLUDE_SOURCE;
				MTL_FAST_MATH = YES;
				ONLY_ACTIVE_ARCH = YES;
				SDKROOT = macosx;
				SWIFT_ACTIVE_COMPILATION_CONDITIONS = "DEBUG $(inherited)";
				SWIFT_OPTIMIZATION_LEVEL = "-Onone";
			};
			name = Debug;
		};
		5ABF61382FA456990057F866 /* Release */ = {
			isa = XCBuildConfiguration;
			buildSettings = {
				ALWAYS_SEARCH_USER_PATHS = NO;
				ASSETCATALOG_COMPILER_GENERATE_SWIFT_ASSET_SYMBOL_EXTENSIONS = YES;
				CLANG_ANALYZER_NONNULL = YES;
				CLANG_ANALYZER_NUMBER_OBJECT_CONVERSION = YES_AGGRESSIVE;
				CLANG_CXX_LANGUAGE_STANDARD = "gnu++20";
				CLANG_ENABLE_MODULES = YES;
				CLANG_ENABLE_OBJC_ARC = YES;
				CLANG_ENABLE_OBJC_WEAK = YES;
				CLANG_WARN_BLOCK_CAPTURE_AUTORELEASING = YES;
				CLANG_WARN_BOOL_CONVERSION = YES;
				CLANG_WARN_COMMA = YES;
				CLANG_WARN_CONSTANT_CONVERSION = YES;
				CLANG_WARN_DEPRECATED_OBJC_IMPLEMENTATIONS = YES;
				CLANG_WARN_DIRECT_OBJC_ISA_USAGE = YES_ERROR;
				CLANG_WARN_DOCUMENTATION_COMMENTS = YES;
				CLANG_WARN_EMPTY_BODY = YES;
				CLANG_WARN_ENUM_CONVERSION = YES;
				CLANG_WARN_INFINITE_RECURSION = YES;
				CLANG_WARN_INT_CONVERSION = YES;
				CLANG_WARN_NON_LITERAL_NULL_CONVERSION = YES;
				CLANG_WARN_OBJC_IMPLICIT_RETAIN_SELF = YES;
				CLANG_WARN_OBJC_LITERAL_CONVERSION = YES;
				CLANG_WARN_OBJC_ROOT_CLASS = YES_ERROR;
				CLANG_WARN_QUOTED_INCLUDE_IN_FRAMEWORK_HEADER = YES;
				CLANG_WARN_RANGE_LOOP_ANALYSIS = YES;
				CLANG_WARN_STRICT_PROTOTYPES = YES;
				CLANG_WARN_SUSPICIOUS_MOVE = YES;
				CLANG_WARN_UNGUARDED_AVAILABILITY = YES_AGGRESSIVE;
				CLANG_WARN_UNREACHABLE_CODE = YES;
				CLANG_WARN__DUPLICATE_METHOD_MATCH = YES;
				COPY_PHASE_STRIP = NO;
				DEBUG_INFORMATION_FORMAT = "dwarf-with-dsym";
				ENABLE_NS_ASSERTIONS = NO;
				ENABLE_STRICT_OBJC_MSGSEND = YES;
				ENABLE_USER_SCRIPT_SANDBOXING = YES;
				GCC_C_LANGUAGE_STANDARD = gnu17;
				GCC_NO_COMMON_BLOCKS = YES;
				GCC_WARN_64_TO_32_BIT_CONVERSION = YES;
				GCC_WARN_ABOUT_RETURN_TYPE = YES_ERROR;
				GCC_WARN_UNDECLARED_SELECTOR = YES;
				GCC_WARN_UNINITIALIZED_AUTOS = YES_AGGRESSIVE;
				GCC_WARN_UNUSED_FUNCTION = YES;
				GCC_WARN_UNUSED_VARIABLE = YES;
				LOCALIZATION_PREFERS_STRING_CATALOGS = YES;
				MACOSX_DEPLOYMENT_TARGET = 26.4;
				MTL_ENABLE_DEBUG_INFO = NO;
				MTL_FAST_MATH = YES;
				SDKROOT = macosx;
				SWIFT_COMPILATION_MODE = wholemodule;
			};
			name = Release;
		};
		5ABF613A2FA456990057F866 /* Debug */ = {
			isa = XCBuildConfiguration;
			buildSettings = {
				ASSETCATALOG_COMPILER_APPICON_NAME = "budget-warden";
				ASSETCATALOG_COMPILER_GLOBAL_ACCENT_COLOR_NAME = AccentColor;
				ASSETCATALOG_COMPILER_INCLUDE_ALL_APPICON_ASSETS = NO;
				CODE_SIGN_STYLE = Automatic;
				COMBINE_HIDPI_IMAGES = YES;
				CURRENT_PROJECT_VERSION = 1;
				ENABLE_APP_SANDBOX = YES;
				ENABLE_PREVIEWS = YES;
				ENABLE_USER_SELECTED_FILES = readwrite;
				GENERATE_INFOPLIST_FILE = YES;
				HEADER_SEARCH_PATHS = "$(PROJECT_DIR)/../core/src";
				INFOPLIST_KEY_CFBundleDisplayName = "Budget Warden";
				INFOPLIST_KEY_LSApplicationCategoryType = "public.app-category.finance";
				INFOPLIST_KEY_NSHumanReadableCopyright = "";
				LD_RUNPATH_SEARCH_PATHS = (
					"$(inherited)",
					"@executable_path/../Frameworks",
				);
				MARKETING_VERSION = 1.0;
				PRODUCT_BUNDLE_IDENTIFIER = com.nikolalazarov.BudgetWarden;
				PRODUCT_NAME = "$(TARGET_NAME)";
				REGISTER_APP_GROUPS = YES;
				STRING_CATALOG_GENERATE_SYMBOLS = YES;
				SWIFT_APPROACHABLE_CONCURRENCY = YES;
				SWIFT_DEFAULT_ACTOR_ISOLATION = MainActor;
				SWIFT_EMIT_LOC_STRINGS = YES;
				SWIFT_OBJC_BRIDGING_HEADER = "BudgetWarden/BudgetWarden-Bridging-Header.h";
				SWIFT_UPCOMING_FEATURE_MEMBER_IMPORT_VISIBILITY = YES;
				SWIFT_VERSION = 5.0;
			};
			name = Debug;
		};
		5ABF613B2FA456990057F866 /* Release */ = {
			isa = XCBuildConfiguration;
			buildSettings = {
				ASSETCATALOG_COMPILER_APPICON_NAME = "budget-warden";
				ASSETCATALOG_COMPILER_GLOBAL_ACCENT_COLOR_NAME = AccentColor;
				ASSETCATALOG_COMPILER_INCLUDE_ALL_APPICON_ASSETS = NO;
				CODE_SIGN_STYLE = Automatic;
				COMBINE_HIDPI_IMAGES = YES;
				CURRENT_PROJECT_VERSION = 1;
				ENABLE_APP_SANDBOX = YES;
				ENABLE_PREVIEWS = YES;
				ENABLE_USER_SELECTED_FILES = readwrite;
				GENERATE_INFOPLIST_FILE = YES;
				HEADER_SEARCH_PATHS = "$(PROJECT_DIR)/../core/src";
				INFOPLIST_KEY_CFBundleDisplayName = "Budget Warden";
				INFOPLIST_KEY_LSApplicationCategoryType = "public.app-category.finance";
				INFOPLIST_KEY_NSHumanReadableCopyright = "";
				LD_RUNPATH_SEARCH_PATHS = (
					"$(inherited)",
					"@executable_path/../Frameworks",
				);
				MARKETING_VERSION = 1.0;
				ONLY_ACTIVE_ARCH = NO;
				PRODUCT_BUNDLE_IDENTIFIER = com.nikolalazarov.BudgetWarden;
				PRODUCT_NAME = "$(TARGET_NAME)";
				REGISTER_APP_GROUPS = YES;
				STRING_CATALOG_GENERATE_SYMBOLS = YES;
				SWIFT_APPROACHABLE_CONCURRENCY = YES;
				SWIFT_DEFAULT_ACTOR_ISOLATION = MainActor;
				SWIFT_EMIT_LOC_STRINGS = YES;
				SWIFT_OBJC_BRIDGING_HEADER = "BudgetWarden/BudgetWarden-Bridging-Header.h";
				SWIFT_UPCOMING_FEATURE_MEMBER_IMPORT_VISIBILITY = YES;
				SWIFT_VERSION = 5.0;
			};
			name = Release;
		};
/* End XCBuildConfiguration section */

/* Begin XCConfigurationList section */
		5ABF61292FA456980057F866 /* Build configuration list for PBXProject "BudgetWarden" */ = {
			isa = XCConfigurationList;
			buildConfigurations = (
				5ABF61372FA456990057F866 /* Debug */,
				5ABF61382FA456990057F866 /* Release */,
			);
			defaultConfigurationIsVisible = 0;
			defaultConfigurationName = Release;
		};
		5ABF61392FA456990057F866 /* Build configuration list for PBXNativeTarget "BudgetWarden" */ = {
			isa = XCConfigurationList;
			buildConfigurations = (
				5ABF613A2FA456990057F866 /* Debug */,
				5ABF613B2FA456990057F866 /* Release */,
			);
			defaultConfigurationIsVisible = 0;
			defaultConfigurationName = Release;
		};
/* End XCConfigurationList section */
	};
	rootObject = 5ABF61262FA456980057F866 /* Project object */;
}
